{
  "version": 4,
  "terraform_version": "1.2.5",
  "serial": 29,
  "lineage": "3453b557-d4f8-2164-6b26-e7d3cc6bb2c1",
  "outputs": {},
  "resources": [
    {
      "mode": "managed",
      "type": "google_artifact_registry_repository",
      "name": "my-repo2",
      "provider": "provider[\"registry.terraform.io/hashicorp/google\"]",
      "instances": [
        {
          "schema_version": 0,
          "attributes": {
            "create_time": "2023-01-07T12:53:50.892995Z",
            "description": "example docker repository",
            "format": "DOCKER",
            "id": "projects/demoglobalit-monitoring/locations/us-central1/repositories/test-repo2",
            "kms_key_name": "",
            "labels": {},
            "location": "us-central1",
            "maven_config": [],
            "name": "test-repo2",
            "project": "demoglobalit-monitoring",
            "repository_id": "test-repo2",
            "timeouts": null,
            "update_time": "2023-01-07T12:53:50.892995Z"
          },
          "sensitive_attributes": [],
          "private": "eyJlMmJmYjczMC1lY2FhLTExZTYtOGY4OC0zNDM2M2JjN2M0YzAiOnsiY3JlYXRlIjoxMjAwMDAwMDAwMDAwLCJkZWxldGUiOjEyMDAwMDAwMDAwMDAsInVwZGF0ZSI6MTIwMDAwMDAwMDAwMH19"
        }
      ]
    },
    {
      "mode": "managed",
      "type": "google_compute_address",
      "name": "nat-adress",
      "provider": "provider[\"registry.terraform.io/hashicorp/google\"]",
      "instances": [
        {
          "schema_version": 0,
          "attributes": {
            "address": "34.88.253.246",
            "address_type": "EXTERNAL",
            "creation_timestamp": "2023-01-07T04:51:53.887-08:00",
            "description": "",
            "id": "projects/demoglobalit-monitoring/regions/europe-north1/addresses/nat-adress",
            "name": "nat-adress",
            "network": "",
            "network_tier": "PREMIUM",
            "prefix_length": 0,
            "project": "demoglobalit-monitoring",
            "purpose": "",
            "region": "europe-north1",
            "self_link": "https://www.googleapis.com/compute/v1/projects/demoglobalit-monitoring/regions/europe-north1/addresses/nat-adress",
            "subnetwork": "",
            "timeouts": null,
            "users": [
              "https://www.googleapis.com/compute/v1/projects/demoglobalit-monitoring/regions/europe-north1/routers/my-router"
            ]
          },
          "sensitive_attributes": [],
          "private": "eyJlMmJmYjczMC1lY2FhLTExZTYtOGY4OC0zNDM2M2JjN2M0YzAiOnsiY3JlYXRlIjoxMjAwMDAwMDAwMDAwLCJkZWxldGUiOjEyMDAwMDAwMDAwMDB9fQ=="
        }
      ]
    },
    {
      "mode": "managed",
      "type": "google_compute_network",
      "name": "vpc_network",
      "provider": "provider[\"registry.terraform.io/hashicorp/google\"]",
      "instances": [
        {
          "schema_version": 0,
          "attributes": {
            "auto_create_subnetworks": false,
            "delete_default_routes_on_create": false,
            "description": "",
            "enable_ula_internal_ipv6": false,
            "gateway_ipv4": "",
            "id": "projects/demoglobalit-monitoring/global/networks/test-network",
            "internal_ipv6_range": "",
            "mtu": 1460,
            "name": "test-network",
            "project": "demoglobalit-monitoring",
            "routing_mode": "REGIONAL",
            "self_link": "https://www.googleapis.com/compute/v1/projects/demoglobalit-monitoring/global/networks/test-network",
            "timeouts": null
          },
          "sensitive_attributes": [],
          "private": "eyJlMmJmYjczMC1lY2FhLTExZTYtOGY4OC0zNDM2M2JjN2M0YzAiOnsiY3JlYXRlIjoxMjAwMDAwMDAwMDAwLCJkZWxldGUiOjEyMDAwMDAwMDAwMDAsInVwZGF0ZSI6MTIwMDAwMDAwMDAwMH19"
        }
      ]
    },
    {
      "mode": "managed",
      "type": "google_compute_router",
      "name": "router",
      "provider": "provider[\"registry.terraform.io/hashicorp/google\"]",
      "instances": [
        {
          "schema_version": 0,
          "attributes": {
            "bgp": [],
            "creation_timestamp": "2023-01-07T04:50:39.719-08:00",
            "description": "",
            "encrypted_interconnect_router": false,
            "id": "projects/demoglobalit-monitoring/regions/europe-north1/routers/my-router",
            "name": "my-router",
            "network": "https://www.googleapis.com/compute/v1/projects/demoglobalit-monitoring/global/networks/test-network",
            "project": "demoglobalit-monitoring",
            "region": "europe-north1",
            "self_link": "https://www.googleapis.com/compute/v1/projects/demoglobalit-monitoring/regions/europe-north1/routers/my-router",
            "timeouts": null
          },
          "sensitive_attributes": [],
          "private": "eyJlMmJmYjczMC1lY2FhLTExZTYtOGY4OC0zNDM2M2JjN2M0YzAiOnsiY3JlYXRlIjoxMjAwMDAwMDAwMDAwLCJkZWxldGUiOjEyMDAwMDAwMDAwMDAsInVwZGF0ZSI6MTIwMDAwMDAwMDAwMH19",
          "dependencies": [
            "google_compute_network.vpc_network"
          ]
        }
      ]
    },
    {
      "mode": "managed",
      "type": "google_compute_router_nat",
      "name": "nat",
      "provider": "provider[\"registry.terraform.io/hashicorp/google\"]",
      "instances": [
        {
          "schema_version": 0,
          "attributes": {
            "drain_nat_ips": [],
            "enable_dynamic_port_allocation": false,
            "enable_endpoint_independent_mapping": true,
            "icmp_idle_timeout_sec": 30,
            "id": "demoglobalit-monitoring/europe-north1/my-router/my-router-nat",
            "log_config": [],
            "max_ports_per_vm": 0,
            "min_ports_per_vm": 0,
            "name": "my-router-nat",
            "nat_ip_allocate_option": "MANUAL_ONLY",
            "nat_ips": [
              "https://www.googleapis.com/compute/v1/projects/demoglobalit-monitoring/regions/europe-north1/addresses/nat-adress"
            ],
            "project": "demoglobalit-monitoring",
            "region": "europe-north1",
            "router": "my-router",
            "rules": [],
            "source_subnetwork_ip_ranges_to_nat": "LIST_OF_SUBNETWORKS",
            "subnetwork": [
              {
                "name": "https://www.googleapis.com/compute/v1/projects/demoglobalit-monitoring/regions/europe-north1/subnetworks/test-subnetwork",
                "secondary_ip_range_names": [],
                "source_ip_ranges_to_nat": [
                  "ALL_IP_RANGES"
                ]
              }
            ],
            "tcp_established_idle_timeout_sec": 1200,
            "tcp_transitory_idle_timeout_sec": 30,
            "timeouts": null,
            "udp_idle_timeout_sec": 30
          },
          "sensitive_attributes": [],
          "private": "eyJlMmJmYjczMC1lY2FhLTExZTYtOGY4OC0zNDM2M2JjN2M0YzAiOnsiY3JlYXRlIjoxMjAwMDAwMDAwMDAwLCJkZWxldGUiOjEyMDAwMDAwMDAwMDAsInVwZGF0ZSI6MTIwMDAwMDAwMDAwMH19",
          "dependencies": [
            "google_compute_address.nat-adress",
            "google_compute_network.vpc_network",
            "google_compute_router.router",
            "google_compute_subnetwork.test-subnet"
          ]
        }
      ]
    },
    {
      "mode": "managed",
      "type": "google_compute_subnetwork",
      "name": "test-subnet",
      "provider": "provider[\"registry.terraform.io/hashicorp/google\"]",
      "instances": [
        {
          "schema_version": 0,
          "attributes": {
            "creation_timestamp": "2023-01-07T04:41:02.214-08:00",
            "description": "",
            "external_ipv6_prefix": "",
            "fingerprint": null,
            "gateway_address": "10.10.0.1",
            "id": "projects/demoglobalit-monitoring/regions/europe-north1/subnetworks/test-subnetwork",
            "ip_cidr_range": "10.10.0.0/16",
            "ipv6_access_type": "",
            "ipv6_cidr_range": "",
            "log_config": [],
            "name": "test-subnetwork",
            "network": "https://www.googleapis.com/compute/v1/projects/demoglobalit-monitoring/global/networks/test-network",
            "private_ip_google_access": true,
            "private_ipv6_google_access": "DISABLE_GOOGLE_ACCESS",
            "project": "demoglobalit-monitoring",
            "purpose": "PRIVATE",
            "region": "europe-north1",
            "role": "",
            "secondary_ip_range": [
              {
                "ip_cidr_range": "10.11.0.0/16",
                "range_name": "k8s-pod-range"
              },
              {
                "ip_cidr_range": "10.12.0.0/16",
                "range_name": "k8s-service-range"
              }
            ],
            "self_link": "https://www.googleapis.com/compute/v1/projects/demoglobalit-monitoring/regions/europe-north1/subnetworks/test-subnetwork",
            "stack_type": "IPV4_ONLY",
            "timeouts": null
          },
          "sensitive_attributes": [],
          "private": "eyJlMmJmYjczMC1lY2FhLTExZTYtOGY4OC0zNDM2M2JjN2M0YzAiOnsiY3JlYXRlIjoxMjAwMDAwMDAwMDAwLCJkZWxldGUiOjEyMDAwMDAwMDAwMDAsInVwZGF0ZSI6MTIwMDAwMDAwMDAwMH19",
          "dependencies": [
            "google_compute_network.vpc_network"
          ]
        }
      ]
    },
    {
      "mode": "managed",
      "type": "google_container_cluster",
      "name": "primary",
      "provider": "provider[\"registry.terraform.io/hashicorp/google\"]",
      "instances": [
        {
          "schema_version": 1,
          "attributes": {
            "addons_config": [
              {
                "cloudrun_config": [],
                "dns_cache_config": [],
                "gce_persistent_disk_csi_driver_config": [
                  {
                    "enabled": true
                  }
                ],
                "gcp_filestore_csi_driver_config": [],
                "gke_backup_agent_config": [],
                "horizontal_pod_autoscaling": [],
                "http_load_balancing": [],
                "network_policy_config": [
                  {
                    "disabled": true
                  }
                ]
              }
            ],
            "authenticator_groups_config": [],
            "binary_authorization": [
              {
                "enabled": false,
                "evaluation_mode": ""
              }
            ],
            "cluster_autoscaling": [
              {
                "auto_provisioning_defaults": [],
                "enabled": false,
                "resource_limits": []
              }
            ],
            "cluster_ipv4_cidr": "10.11.0.0/16",
            "confidential_nodes": [],
            "cost_management_config": [],
            "database_encryption": [
              {
                "key_name": "",
                "state": "DECRYPTED"
              }
            ],
            "datapath_provider": "",
            "default_max_pods_per_node": 110,
            "default_snat_status": [
              {
                "disabled": false
              }
            ],
            "description": "",
            "dns_config": [],
            "enable_autopilot": false,
            "enable_binary_authorization": false,
            "enable_intranode_visibility": false,
            "enable_kubernetes_alpha": false,
            "enable_l4_ilb_subsetting": false,
            "enable_legacy_abac": false,
            "enable_shielded_nodes": true,
            "enable_tpu": false,
            "endpoint": "35.228.183.53",
            "gateway_api_config": [],
            "id": "projects/demoglobalit-monitoring/locations/europe-north1/clusters/demo-cluster",
            "initial_node_count": 1,
            "ip_allocation_policy": [
              {
                "cluster_ipv4_cidr_block": "10.11.0.0/16",
                "cluster_secondary_range_name": "k8s-pod-range",
                "services_ipv4_cidr_block": "10.12.0.0/16",
                "services_secondary_range_name": "k8s-service-range"
              }
            ],
            "label_fingerprint": "a9dc16a7",
            "location": "europe-north1",
            "logging_config": [
              {
                "enable_components": [
                  "SYSTEM_COMPONENTS",
                  "WORKLOADS"
                ]
              }
            ],
            "logging_service": "logging.googleapis.com/kubernetes",
            "maintenance_policy": [],
            "master_auth": [
              {
                "client_certificate": "",
                "client_certificate_config": [
                  {
                    "issue_client_certificate": false
                  }
                ],
                "client_key": "",
                "cluster_ca_certificate": "LS0tLS1CRUdJTiBDRVJUSUZJQ0FURS0tLS0tCk1JSUVMVENDQXBXZ0F3SUJBZ0lSQU10KzhTR3kyTjYzOFVjZ25kMWJxdkV3RFFZSktvWklodmNOQVFFTEJRQXcKTHpFdE1Dc0dBMVVFQXhNa05HUTJNakpoTW1VdE9EWTFOUzAwWVdVNExXSTVNRE10Wm1VM056UmhZV0ptWkRnNApNQ0FYRFRJek1ERXdOekV5TkRjek5sb1lEekl3TlRJeE1qTXdNVE0wTnpNMldqQXZNUzB3S3dZRFZRUURFeVEwClpEWXlNbUV5WlMwNE5qVTFMVFJoWlRndFlqa3dNeTFtWlRjM05HRmhZbVprT0Rnd2dnR2lNQTBHQ1NxR1NJYjMKRFFFQkFRVUFBNElCandBd2dnR0tBb0lCZ1FDcGx0SUp0WUVzTW5DdFFldC8rK3R2dGRHVEtsLzlibHF1WERVQgpFcm9aVzdRb0w3eXdsUWlNeGxKUlVQNm1NMzZMa0k5UXo3dDVQdFV3d2U5ZWtVREhwTXdEN1ZCNUwzdDZORm9jCnVWSHRWbEVORXlnQVVHYUc5RGNSTkZxUU5nbGhjcW1zMmdlbXVrdWc3YStCUWx1QURNdmd0TERiNjZYaExyY2gKZElRTUlLUVUxT1BiRkVPaVJ2bWJsNlRYRmhSeHJSWFRZbk9HRHllR0pVTjhGS2NJbHd6TmxUT1dra0FFSHZFZApHZE81MHJQNHFqVHFOanEzVXpUMjJ1aGE1bTRRanpRcXUrR094WEVKaDFmRlZLVElSaUxsRHpXVkY3UHNJMGNJCjNmS1picUk2MEdlM29zYWozclozZENkY0N5YU4xcGh2czR1cDFabnJLcythb3lpZU81TTVhZ0cxQ2h6TU1kQmwKcjJBeHZ3djNxcmhvbEpQaGE5Vm9JL0h1S1JrTWVKaVhWUXVXMlp0SDZNZ1RkZFpKcjV1dHhJMjI2K3NZc05tZApSQ2p2eFBiZDZuQnBsM1Ard29sWlF1UTRIWDhMenN4TW1vTS84bzV5UXNkdERtZkNyaWJkQmZlREZNcG5TWC9MCmdrTFBqUDVUY0ZEU0s0MityMnpPbFAxM29xY0NBd0VBQWFOQ01FQXdEZ1lEVlIwUEFRSC9CQVFEQWdJRU1BOEcKQTFVZEV3RUIvd1FGTUFNQkFmOHdIUVlEVlIwT0JCWUVGUDIweU5GZXUxclB4TEVxbVdPMlpmMVRpajJwTUEwRwpDU3FHU0liM0RRRUJDd1VBQTRJQmdRQVRCUVo1Y3NFdWRkdWQrUmppTUpIc0cxWkhDczFVMVFMOGFLMlAxaXpYCjFhQVVueTBJR2ZKWW52eEd4VXF1QUxNUFhBV1A0MkdFWDhpWG8yVVI0aEJnbTZhNkhlWFRhMWdqcDg3UGJOMisKZmNpcThGUnZvMHJQWGNqVVRjWmFrbXMxUGV1eFZ0QXJ2VzFzZFJ0RmtzRjhQS3FvSkVlZ3hWazBvNWwrSXpZMwplMVVPc3BLQWZhbERWSDlrUElvaGU1NjFlMHZlb2hzRWlXVk5XbWszZXVrUkpoSVcyUWZocHNaQXBMVVVHNCt1CkFNY2hndU5YZVpvNmEzdnRWYkZRTzJWMnVZM0FCQkVkUXh3czh6MzlkSzJGRHJLd0FDb1dVdHNHTGR5T0J2eVEKYkErZWhuYVBOU2tnRE44dEltelhtV0l3UlE5QU9MN1dXTjY1ZjNRRFpQSDFGc01LUVlMMkd5TFdpekpyQjNMdQo5RUtJQi9BSXVzMDVkaTNwOGcxVlBBSVI4aVBwa292cWNoYVFBV2YxS3BWQ3Vua0VrN0JRc2hYL1VqR0hwV2oxCk5QMW1YZUhBUEM2Njg3SG5oZnIvTjYxL0NML2lYUmlCNVpYYzU5REVSaEFZb2pSWC94ZzBLQ3BrSG5OcDNac04KVVNKaWxJWE5hT3RxbytqMzBjdTNGNzQ9Ci0tLS0tRU5EIENFUlRJRklDQVRFLS0tLS0K"
              }
            ],
            "master_authorized_networks_config": [
              {
                "cidr_blocks": [
                  {
                    "cidr_block": "95.173.231.216/32",
                    "display_name": "home"
                  }
                ],
                "gcp_public_cidrs_access_enabled": false
              }
            ],
            "master_version": "1.24.7-gke.900",
            "mesh_certificates": [],
            "min_master_version": null,
            "monitoring_config": [
              {
                "enable_components": [
                  "SYSTEM_COMPONENTS"
                ],
                "managed_prometheus": []
              }
            ],
            "monitoring_service": "monitoring.googleapis.com/kubernetes",
            "name": "demo-cluster",
            "network": "projects/demoglobalit-monitoring/global/networks/test-network",
            "network_policy": [
              {
                "enabled": false,
                "provider": "PROVIDER_UNSPECIFIED"
              }
            ],
            "networking_mode": "VPC_NATIVE",
            "node_config": [],
            "node_locations": [
              "europe-north1-a",
              "europe-north1-b"
            ],
            "node_pool": [],
            "node_pool_defaults": [
              {
                "node_config_defaults": [
                  {
                    "logging_variant": "DEFAULT"
                  }
                ]
              }
            ],
            "node_version": "1.24.7-gke.900",
            "notification_config": [
              {
                "pubsub": [
                  {
                    "enabled": false,
                    "filter": [],
                    "topic": ""
                  }
                ]
              }
            ],
            "operation": null,
            "private_cluster_config": [
              {
                "enable_private_endpoint": false,
                "enable_private_nodes": true,
                "master_global_access_config": [
                  {
                    "enabled": false
                  }
                ],
                "master_ipv4_cidr_block": "172.16.0.0/28",
                "peering_name": "gke-n772932d58dc4322dc23-8c67-1f33-peer",
                "private_endpoint": "172.16.0.2",
                "private_endpoint_subnetwork": "",
                "public_endpoint": "35.228.183.53"
              }
            ],
            "private_ipv6_google_access": "",
            "project": "demoglobalit-monitoring",
            "release_channel": [
              {
                "channel": "REGULAR"
              }
            ],
            "remove_default_node_pool": true,
            "resource_labels": {},
            "resource_usage_export_config": [],
            "self_link": "https://container.googleapis.com/v1/projects/demoglobalit-monitoring/locations/europe-north1/clusters/demo-cluster",
            "service_external_ips_config": [
              {
                "enabled": false
              }
            ],
            "services_ipv4_cidr": "10.12.0.0/16",
            "subnetwork": "projects/demoglobalit-monitoring/regions/europe-north1/subnetworks/test-subnetwork",
            "timeouts": null,
            "tpu_ipv4_cidr_block": "",
            "vertical_pod_autoscaling": [],
            "workload_identity_config": []
          },
          "sensitive_attributes": [],
          "private": "eyJlMmJmYjczMC1lY2FhLTExZTYtOGY4OC0zNDM2M2JjN2M0YzAiOnsiY3JlYXRlIjoyNDAwMDAwMDAwMDAwLCJkZWxldGUiOjI0MDAwMDAwMDAwMDAsInJlYWQiOjI0MDAwMDAwMDAwMDAsInVwZGF0ZSI6MzYwMDAwMDAwMDAwMH0sInNjaGVtYV92ZXJzaW9uIjoiMSJ9",
          "dependencies": [
            "google_compute_network.vpc_network",
            "google_compute_subnetwork.test-subnet"
          ]
        }
      ]
    },
    {
      "mode": "managed",
      "type": "google_container_node_pool",
      "name": "np",
      "provider": "provider[\"registry.terraform.io/hashicorp/google\"]",
      "instances": [
        {
          "schema_version": 1,
          "attributes": {
            "autoscaling": [
              {
                "location_policy": "BALANCED",
                "max_node_count": 0,
                "min_node_count": 0,
                "total_max_node_count": 10,
                "total_min_node_count": 1
              }
            ],
            "cluster": "demo-cluster",
            "id": "projects/demoglobalit-monitoring/locations/europe-north1/clusters/demo-cluster/nodePools/my-node-pool",
            "initial_node_count": 1,
            "instance_group_urls": [
              "https://www.googleapis.com/compute/v1/projects/demoglobalit-monitoring/zones/europe-north1-a/instanceGroupManagers/gke-demo-cluster-my-node-pool-bbe973ee-grp",
              "https://www.googleapis.com/compute/v1/projects/demoglobalit-monitoring/zones/europe-north1-b/instanceGroupManagers/gke-demo-cluster-my-node-pool-c2018234-grp"
            ],
            "location": "europe-north1",
            "managed_instance_group_urls": [
              "https://www.googleapis.com/compute/v1/projects/demoglobalit-monitoring/zones/europe-north1-a/instanceGroups/gke-demo-cluster-my-node-pool-bbe973ee-grp",
              "https://www.googleapis.com/compute/v1/projects/demoglobalit-monitoring/zones/europe-north1-b/instanceGroups/gke-demo-cluster-my-node-pool-c2018234-grp"
            ],
            "management": [
              {
                "auto_repair": true,
                "auto_upgrade": true
              }
            ],
            "max_pods_per_node": 30,
            "name": "my-node-pool",
            "name_prefix": "",
            "network_config": [
              {
                "create_pod_range": false,
                "enable_private_nodes": false,
                "pod_ipv4_cidr_block": "10.11.0.0/16",
                "pod_range": "k8s-pod-range"
              }
            ],
            "node_config": [
              {
                "boot_disk_kms_key": "",
                "disk_size_gb": 100,
                "disk_type": "pd-balanced",
                "gcfs_config": [],
                "guest_accelerator": [],
                "gvnic": [],
                "image_type": "COS_CONTAINERD",
                "labels": {},
                "local_ssd_count": 0,
                "logging_variant": "DEFAULT",
                "machine_type": "e2-medium",
                "metadata": {
                  "disable-legacy-endpoints": "true"
                },
                "min_cpu_platform": "",
                "node_group": "",
                "oauth_scopes": [
                  "https://www.googleapis.com/auth/cloud-platform"
                ],
                "preemptible": false,
                "reservation_affinity": [],
                "resource_labels": null,
                "service_account": "kubernetes2@demoglobalit-monitoring.iam.gserviceaccount.com",
                "shielded_instance_config": [
                  {
                    "enable_integrity_monitoring": true,
                    "enable_secure_boot": false
                  }
                ],
                "spot": false,
                "tags": null,
                "taint": [],
                "workload_metadata_config": []
              }
            ],
            "node_count": 1,
            "node_locations": [
              "europe-north1-a",
              "europe-north1-b"
            ],
            "operation": null,
            "project": "demoglobalit-monitoring",
            "timeouts": null,
            "upgrade_settings": [
              {
                "blue_green_settings": [],
                "max_surge": 1,
                "max_unavailable": 0,
                "strategy": "SURGE"
              }
            ],
            "version": "1.24.7-gke.900"
          },
          "sensitive_attributes": [],
          "private": "eyJlMmJmYjczMC1lY2FhLTExZTYtOGY4OC0zNDM2M2JjN2M0YzAiOnsiY3JlYXRlIjoxODAwMDAwMDAwMDAwLCJkZWxldGUiOjE4MDAwMDAwMDAwMDAsInVwZGF0ZSI6MTgwMDAwMDAwMDAwMH0sInNjaGVtYV92ZXJzaW9uIjoiMSJ9",
          "dependencies": [
            "google_service_account.kubernetes2"
          ]
        }
      ]
    },
    {
      "mode": "managed",
      "type": "google_project_iam_member",
      "name": "firestore_owner_binding",
      "provider": "provider[\"registry.terraform.io/hashicorp/google\"]",
      "instances": [
        {
          "schema_version": 0,
          "attributes": {
            "condition": [],
            "etag": "BwXxrHACsrM=",
            "id": "demoglobalit-monitoring/roles/artifactregistry.reader/serviceAccount:kubernetes2@demoglobalit-monitoring.iam.gserviceaccount.com",
            "member": "serviceAccount:kubernetes2@demoglobalit-monitoring.iam.gserviceaccount.com",
            "project": "demoglobalit-monitoring",
            "role": "roles/artifactregistry.reader"
          },
          "sensitive_attributes": [],
          "private": "bnVsbA==",
          "dependencies": [
            "google_service_account.kubernetes2"
          ]
        }
      ]
    },
    {
      "mode": "managed",
      "type": "google_service_account",
      "name": "kubernetes2",
      "provider": "provider[\"registry.terraform.io/hashicorp/google\"]",
      "instances": [
        {
          "schema_version": 0,
          "attributes": {
            "account_id": "kubernetes2",
            "description": "",
            "disabled": false,
            "display_name": "Service Account",
            "email": "kubernetes2@demoglobalit-monitoring.iam.gserviceaccount.com",
            "id": "projects/demoglobalit-monitoring/serviceAccounts/kubernetes2@demoglobalit-monitoring.iam.gserviceaccount.com",
            "member": "serviceAccount:kubernetes2@demoglobalit-monitoring.iam.gserviceaccount.com",
            "name": "projects/demoglobalit-monitoring/serviceAccounts/kubernetes2@demoglobalit-monitoring.iam.gserviceaccount.com",
            "project": "demoglobalit-monitoring",
            "timeouts": null,
            "unique_id": "105621847545150947969"
          },
          "sensitive_attributes": [],
          "private": "eyJlMmJmYjczMC1lY2FhLTExZTYtOGY4OC0zNDM2M2JjN2M0YzAiOnsiY3JlYXRlIjozMDAwMDAwMDAwMDB9fQ=="
        }
      ]
    }
  ]
}
